
Microsoft Visual Studio Solution File, Format Version 12.00
# Visual Studio Version 16
VisualStudioVersion = 16.0.809.4
MinimumVisualStudioVersion = 10.0.40219.1
Project("{FAE04EC0-301F-11D3-BF4B-00C04F79EFBC}") = "coinApi", "coinApi\coinApi.csproj", "{C6FF856B-D9ED-4363-91D7-10327A1B03A0}"
EndProject
Global
	GlobalSection(SolutionConfigurationPlatforms) = preSolution
		Debug|Any CPU = Debug|Any CPU
		Release|Any CPU = Release|Any CPU
	EndGlobalSection
	GlobalSection(ProjectConfigurationPlatforms) = postSolution
		{C6FF856B-D9ED-4363-91D7-10327A1B03A0}.Debug|Any CPU.ActiveCfg = Debug|Any CPU
		{C6FF856B-D9ED-4363-91D7-10327A1B03A0}.Debug|Any CPU.Build.0 = Debug|Any CPU
		{C6FF856B-D9ED-4363-91D7-10327A1B03A0}.Release|Any CPU.ActiveCfg = Release|Any CPU
		{C6FF856B-D9ED-4363-91D7-10327A1B03A0}.Release|Any CPU.Build.0 = Release|Any CPU
	EndGlobalSection
	GlobalSection(SolutionProperties) = preSolution
		HideSolutionNode = FALSE
	EndGlobalSection
	GlobalSection(ExtensibilityGlobals) = postSolution
		SolutionGuid = {ECF90B5C-2F34-4D6C-992F-AC2FE6DE22F6}
	EndGlobalSection
EndGlobal
